{
  "name": "aas-browser",
  "version": "1.0.0",
  "lockfileVersion": 2,
  "requires": true,
  "packages": {
    "": {
      "name": "aas-browser",
      "version": "1.0.0",
      "license": "MIT",
      "dependencies": {
        "@aas-core-works/aas-core3.0rc02-typescript": "file:../aas-core-works-aas-core3.0rc02-typescript-1.0.0-rc.3.tgz"
      }
    },
    "node_modules/@aas-core-works/aas-core3.0rc02-typescript": {
      "version": "1.0.0-rc.3",
      "resolved": "file:../aas-core-works-aas-core3.0rc02-typescript-1.0.0-rc.3.tgz",
      "integrity": "sha512-Of8V95+ddUbrJnu8Q0P7JcV+Kuye37X8msDjRY//e+Scx0dVj/4JABm0/BOYaKpERqFu4WJYE8IDLlfwWqsuKw==",
      "license": "MIT"
    }
  },
  "dependencies": {
    "@aas-core-works/aas-core3.0rc02-typescript": {
      "version": "file:..\\aas-core-works-aas-core3.0rc02-typescript-1.0.0-rc.3.tgz",
      "integrity": "sha512-Of8V95+ddUbrJnu8Q0P7JcV+Kuye37X8msDjRY//e+Scx0dVj/4JABm0/BOYaKpERqFu4WJYE8IDLlfwWqsuKw=="
    }
  }
}
