{
  "name": "aas-browser",
  "version": "1.0.0",
  "lockfileVersion": 3,
  "requires": true,
  "packages": {
    "": {
      "name": "aas-browser",
      "version": "1.0.0",
      "license": "MIT",
      "dependencies": {
        "@aas-core-works/aas-core3.0rc02-typescript": "file:../aas-core-works-aas-core3.0rc02-typescript-1.0.0-rc.3.tgz"
      }
    },
    "node_modules/@aas-core-works/aas-core3.0rc02-typescript": {
      "version": "1.0.0-rc.3",
      "resolved": "file:../aas-core-works-aas-core3.0rc02-typescript-1.0.0-rc.3.tgz",
      "integrity": "sha512-smHl7qHQTpWR17L3y4Ur5sSLdS1BxK4NHxDiduAgGO017NBvhAKTBN+DCgRAu3kd5RFmsw9eyduuBUAlrvLjXQ==",
      "license": "MIT"
    }
  }
}
